
Microsoft Visual Studio Solution File, Format Version 12.00
# Visual Studio Version 17
VisualStudioVersion = 17.0.31903.59
MinimumVisualStudioVersion = 10.0.40219.1
Project("{2150E333-8FDC-42A3-9474-1A3956D46DE8}") = "src", "src", "{827E0CD3-B72D-47B6-A68D-7590B98EB39B}"
EndProject
Project("{FAE04EC0-301F-11D3-BF4B-00C04F79EFBC}") = "Gateway.Api", "src\Gateway.Api\Gateway.Api.csproj", "{8E377F7B-F494-487E-AD4E-FAE42CE2349C}"
EndProject
Project("{FAE04EC0-301F-11D3-BF4B-00C04F79EFBC}") = "InventoryService.Api", "src\InventoryService.Api\InventoryService.Api.csproj", "{CC2F7430-3A9F-42AB-9CCF-52C92AE9716F}"
EndProject
Project("{FAE04EC0-301F-11D3-BF4B-00C04F79EFBC}") = "SalesService.Api", "src\SalesService.Api\SalesService.Api.csproj", "{7D0533E3-F744-474D-BC3B-34A75DB9C4F5}"
EndProject
Global
	GlobalSection(SolutionConfigurationPlatforms) = preSolution
		Debug|Any CPU = Debug|Any CPU
		Debug|x64 = Debug|x64
		Debug|x86 = Debug|x86
		Release|Any CPU = Release|Any CPU
		Release|x64 = Release|x64
		Release|x86 = Release|x86
	EndGlobalSection
	GlobalSection(ProjectConfigurationPlatforms) = postSolution
		{8E377F7B-F494-487E-AD4E-FAE42CE2349C}.Debug|Any CPU.ActiveCfg = Debug|Any CPU
		{8E377F7B-F494-487E-AD4E-FAE42CE2349C}.Debug|Any CPU.Build.0 = Debug|Any CPU
		{8E377F7B-F494-487E-AD4E-FAE42CE2349C}.Debug|x64.ActiveCfg = Debug|Any CPU
		{8E377F7B-F494-487E-AD4E-FAE42CE2349C}.Debug|x64.Build.0 = Debug|Any CPU
		{8E377F7B-F494-487E-AD4E-FAE42CE2349C}.Debug|x86.ActiveCfg = Debug|Any CPU
		{8E377F7B-F494-487E-AD4E-FAE42CE2349C}.Debug|x86.Build.0 = Debug|Any CPU
		{8E377F7B-F494-487E-AD4E-FAE42CE2349C}.Release|Any CPU.ActiveCfg = Release|Any CPU
		{8E377F7B-F494-487E-AD4E-FAE42CE2349C}.Release|Any CPU.Build.0 = Release|Any CPU
		{8E377F7B-F494-487E-AD4E-FAE42CE2349C}.Release|x64.ActiveCfg = Release|Any CPU
		{8E377F7B-F494-487E-AD4E-FAE42CE2349C}.Release|x64.Build.0 = Release|Any CPU
		{8E377F7B-F494-487E-AD4E-FAE42CE2349C}.Release|x86.ActiveCfg = Release|Any CPU
		{8E377F7B-F494-487E-AD4E-FAE42CE2349C}.Release|x86.Build.0 = Release|Any CPU
		{CC2F7430-3A9F-42AB-9CCF-52C92AE9716F}.Debug|Any CPU.ActiveCfg = Debug|Any CPU
		{CC2F7430-3A9F-42AB-9CCF-52C92AE9716F}.Debug|Any CPU.Build.0 = Debug|Any CPU
		{CC2F7430-3A9F-42AB-9CCF-52C92AE9716F}.Debug|x64.ActiveCfg = Debug|Any CPU
		{CC2F7430-3A9F-42AB-9CCF-52C92AE9716F}.Debug|x64.Build.0 = Debug|Any CPU
		{CC2F7430-3A9F-42AB-9CCF-52C92AE9716F}.Debug|x86.ActiveCfg = Debug|Any CPU
		{CC2F7430-3A9F-42AB-9CCF-52C92AE9716F}.Debug|x86.Build.0 = Debug|Any CPU
		{CC2F7430-3A9F-42AB-9CCF-52C92AE9716F}.Release|Any CPU.ActiveCfg = Release|Any CPU
		{CC2F7430-3A9F-42AB-9CCF-52C92AE9716F}.Release|Any CPU.Build.0 = Release|Any CPU
		{CC2F7430-3A9F-42AB-9CCF-52C92AE9716F}.Release|x64.ActiveCfg = Release|Any CPU
		{CC2F7430-3A9F-42AB-9CCF-52C92AE9716F}.Release|x64.Build.0 = Release|Any CPU
		{CC2F7430-3A9F-42AB-9CCF-52C92AE9716F}.Release|x86.ActiveCfg = Release|Any CPU
		{CC2F7430-3A9F-42AB-9CCF-52C92AE9716F}.Release|x86.Build.0 = Release|Any CPU
		{7D0533E3-F744-474D-BC3B-34A75DB9C4F5}.Debug|Any CPU.ActiveCfg = Debug|Any CPU
		{7D0533E3-F744-474D-BC3B-34A75DB9C4F5}.Debug|Any CPU.Build.0 = Debug|Any CPU
		{7D0533E3-F744-474D-BC3B-34A75DB9C4F5}.Debug|x64.ActiveCfg = Debug|Any CPU
		{7D0533E3-F744-474D-BC3B-34A75DB9C4F5}.Debug|x64.Build.0 = Debug|Any CPU
		{7D0533E3-F744-474D-BC3B-34A75DB9C4F5}.Debug|x86.ActiveCfg = Debug|Any CPU
		{7D0533E3-F744-474D-BC3B-34A75DB9C4F5}.Debug|x86.Build.0 = Debug|Any CPU
		{7D0533E3-F744-474D-BC3B-34A75DB9C4F5}.Release|Any CPU.ActiveCfg = Release|Any CPU
		{7D0533E3-F744-474D-BC3B-34A75DB9C4F5}.Release|Any CPU.Build.0 = Release|Any CPU
		{7D0533E3-F744-474D-BC3B-34A75DB9C4F5}.Release|x64.ActiveCfg = Release|Any CPU
		{7D0533E3-F744-474D-BC3B-34A75DB9C4F5}.Release|x64.Build.0 = Release|Any CPU
		{7D0533E3-F744-474D-BC3B-34A75DB9C4F5}.Release|x86.ActiveCfg = Release|Any CPU
		{7D0533E3-F744-474D-BC3B-34A75DB9C4F5}.Release|x86.Build.0 = Release|Any CPU
	EndGlobalSection
	GlobalSection(SolutionProperties) = preSolution
		HideSolutionNode = FALSE
	EndGlobalSection
	GlobalSection(NestedProjects) = preSolution
		{8E377F7B-F494-487E-AD4E-FAE42CE2349C} = {827E0CD3-B72D-47B6-A68D-7590B98EB39B}
		{CC2F7430-3A9F-42AB-9CCF-52C92AE9716F} = {827E0CD3-B72D-47B6-A68D-7590B98EB39B}
		{7D0533E3-F744-474D-BC3B-34A75DB9C4F5} = {827E0CD3-B72D-47B6-A68D-7590B98EB39B}
	EndGlobalSection
EndGlobal
